# THIS IS AN AUTOGENERATED FILE. DO NOT EDIT THIS FILE DIRECTLY.
# yarn lockfile v1


"@socket.io/component-emitter@~3.1.0":
  version "3.1.0"
  resolved "https://registry.yarnpkg.com/@socket.io/component-emitter/-/component-emitter-3.1.0.tgz#96116f2a912e0c02817345b3c10751069920d553"

"@types/cookie@^0.4.1":
  version "0.4.1"
  resolved "https://registry.yarnpkg.com/@types/cookie/-/cookie-0.4.1.tgz#bfd02c1f2224567676c1545199f87c3a861d878d"

"@types/cors@^2.8.12":
  version "2.8.12"
  resolved "https://registry.yarnpkg.com/@types/cors/-/cors-2.8.12.tgz#6b2c510a7ad7039e98e7b8d3d6598f4359e5c080"

"@types/node@>=10.0.0":
  version "18.11.7"
  resolved "https://registry.yarnpkg.com/@types/node/-/node-18.11.7.tgz#8ccef136f240770c1379d50100796a6952f01f94"

accepts@~1.3.4:
  version "1.3.8"
  resolved "https://registry.yarnpkg.com/accepts/-/accepts-1.3.8.tgz#0bf0be125b67014adcb0b0921e62db7bffe16b2e"
  dependencies:
    mime-types "~2.1.34"
    negotiator "0.6.3"

base64id@2.0.0, base64id@~2.0.0:
  version "2.0.0"
  resolved "https://registry.yarnpkg.com/base64id/-/base64id-2.0.0.tgz#2770ac6bc47d312af97a8bf9a634342e0cd25cb6"

bluebird@^2.9.34:
  version "2.11.0"
  resolved "http://registry.npm.taobao.org/bluebird/download/bluebird-2.11.0.tgz#534b9033c022c9579c56ba3b3e5a5caafbb650e1"

cookie@~0.4.1:
  version "0.4.2"
  resolved "https://registry.yarnpkg.com/cookie/-/cookie-0.4.2.tgz#0e41f24de5ecf317947c82fc789e06a884824432"

cors@~2.8.5:
  version "2.8.5"
  resolved "https://registry.yarnpkg.com/cors/-/cors-2.8.5.tgz#eac11da51592dd86b9f06f6e7ac293b3df875d29"
  dependencies:
    object-assign "^4"
    vary "^1"

debug@^2.2.0:
  version "2.6.9"
  resolved "http://registry.npm.taobao.org/debug/download/debug-2.6.9.tgz#5d128515df134ff327e90a4c93f4e077a536341f"
  dependencies:
    ms "2.0.0"

debug@~4.3.1, debug@~4.3.2:
  version "4.3.4"
  resolved "https://registry.yarnpkg.com/debug/-/debug-4.3.4.tgz#1319f6579357f2338d3337d2cdd4914bb5dcc865"
  dependencies:
    ms "2.1.2"

double-ended-queue@^2.1.0-0:
  version "2.1.0-0"
  resolved "http://registry.npm.taobao.org/double-ended-queue/download/double-ended-queue-2.1.0-0.tgz#103d3527fd31528f40188130c841efdd78264e5c"

engine.io-parser@~5.0.3:
  version "5.0.4"
  resolved "https://registry.yarnpkg.com/engine.io-parser/-/engine.io-parser-5.0.4.tgz#0b13f704fa9271b3ec4f33112410d8f3f41d0fc0"

engine.io@~6.2.0:
  version "6.2.0"
  resolved "https://registry.yarnpkg.com/engine.io/-/engine.io-6.2.0.tgz#003bec48f6815926f2b1b17873e576acd54f41d0"
  dependencies:
    "@types/cookie" "^0.4.1"
    "@types/cors" "^2.8.12"
    "@types/node" ">=10.0.0"
    accepts "~1.3.4"
    base64id "2.0.0"
    cookie "~0.4.1"
    cors "~2.8.5"
    debug "~4.3.1"
    engine.io-parser "~5.0.3"
    ws "~8.2.3"

flexbuffer@0.0.6:
  version "0.0.6"
  resolved "http://registry.npm.taobao.org/flexbuffer/download/flexbuffer-0.0.6.tgz#039fdf23f8823e440c38f3277e6fef1174215b30"

ioredis@^1.12.2:
  version "1.15.1"
  resolved "http://registry.npm.taobao.org/ioredis/download/ioredis-1.15.1.tgz#525255cccd557bdd38a0ed3466199f59eb0b9d1c"
  dependencies:
    bluebird "^2.9.34"
    debug "^2.2.0"
    double-ended-queue "^2.1.0-0"
    flexbuffer "0.0.6"
    lodash "^3.6.0"

lodash@^3.6.0:
  version "3.10.1"
  resolved "http://registry.npm.taobao.org/lodash/download/lodash-3.10.1.tgz#5bf45e8e49ba4189e17d482789dfd15bd140b7b6"

mime-db@1.52.0:
  version "1.52.0"
  resolved "https://registry.yarnpkg.com/mime-db/-/mime-db-1.52.0.tgz#bbabcdc02859f4987301c856e3387ce5ec43bf70"

mime-types@~2.1.34:
  version "2.1.35"
  resolved "https://registry.yarnpkg.com/mime-types/-/mime-types-2.1.35.tgz#381a871b62a734450660ae3deee44813f70d959a"
  dependencies:
    mime-db "1.52.0"

ms@2.0.0:
  version "2.0.0"
  resolved "http://registry.npm.taobao.org/ms/download/ms-2.0.0.tgz#5608aeadfc00be6c2901df5f9861788de0d597c8"

ms@2.1.2:
  version "2.1.2"
  resolved "https://registry.yarnpkg.com/ms/-/ms-2.1.2.tgz#d09d1f357b443f493382a8eb3ccd183872ae6009"

negotiator@0.6.3:
  version "0.6.3"
  resolved "https://registry.yarnpkg.com/negotiator/-/negotiator-0.6.3.tgz#58e323a72fedc0d6f9cd4d31fe49f51479590ccd"

object-assign@^4:
  version "4.1.1"
  resolved "https://registry.yarnpkg.com/object-assign/-/object-assign-4.1.1.tgz#2109adc7965887cfc05cbbd442cac8bfbb360863"

socket.io-adapter@~2.4.0:
  version "2.4.0"
  resolved "https://registry.yarnpkg.com/socket.io-adapter/-/socket.io-adapter-2.4.0.tgz#b50a4a9ecdd00c34d4c8c808224daa1a786152a6"

socket.io-parser@~4.2.0:
  version "4.2.1"
  resolved "https://registry.yarnpkg.com/socket.io-parser/-/socket.io-parser-4.2.1.tgz#01c96efa11ded938dcb21cbe590c26af5eff65e5"
  dependencies:
    "@socket.io/component-emitter" "~3.1.0"
    debug "~4.3.1"

socket.io@^4.5.3:
  version "4.5.3"
  resolved "https://registry.yarnpkg.com/socket.io/-/socket.io-4.5.3.tgz#44dffea48d7f5aa41df4a66377c386b953bc521c"
  dependencies:
    accepts "~1.3.4"
    base64id "~2.0.0"
    debug "~4.3.2"
    engine.io "~6.2.0"
    socket.io-adapter "~2.4.0"
    socket.io-parser "~4.2.0"

vary@^1:
  version "1.1.2"
  resolved "https://registry.yarnpkg.com/vary/-/vary-1.1.2.tgz#2299f02c6ded30d4a5961b0b9f74524a18f634fc"

ws@~8.2.3:
  version "8.2.3"
  resolved "https://registry.yarnpkg.com/ws/-/ws-8.2.3.tgz#63a56456db1b04367d0b721a0b80cae6d8becbba"
